
Microsoft Visual Studio Solution File, Format Version 12.00
# Visual Studio Version 17
VisualStudioVersion = 17.0.31815.197
MinimumVisualStudioVersion = 10.0.40219.1
Project("{FAE04EC0-301F-11D3-BF4B-00C04F79EFBC}") = "ACC-RaceCalculator", "WindowsFormsApp1\ACC-RaceCalculator.csproj", "{BFD8C0E4-C2EB-478C-A84F-CCC4B93E2B19}"
EndProject
Global
	GlobalSection(SolutionConfigurationPlatforms) = preSolution
		Debug|Any CPU = Debug|Any CPU
		Release|Any CPU = Release|Any CPU
	EndGlobalSection
	GlobalSection(ProjectConfigurationPlatforms) = postSolution
		{BFD8C0E4-C2EB-478C-A84F-CCC4B93E2B19}.Debug|Any CPU.ActiveCfg = Debug|Any CPU
		{BFD8C0E4-C2EB-478C-A84F-CCC4B93E2B19}.Debug|Any CPU.Build.0 = Debug|Any CPU
		{BFD8C0E4-C2EB-478C-A84F-CCC4B93E2B19}.Release|Any CPU.ActiveCfg = Release|Any CPU
		{BFD8C0E4-C2EB-478C-A84F-CCC4B93E2B19}.Release|Any CPU.Build.0 = Release|Any CPU
	EndGlobalSection
	GlobalSection(SolutionProperties) = preSolution
		HideSolutionNode = FALSE
	EndGlobalSection
	GlobalSection(ExtensibilityGlobals) = postSolution
		SolutionGuid = {8FD9814B-6805-489A-A514-B3E37295A652}
	EndGlobalSection
EndGlobal
